
Microsoft Visual Studio Solution File, Format Version 12.00
# Visual Studio Version 16
VisualStudioVersion = 16.0.29409.12
MinimumVisualStudioVersion = 10.0.40219.1
Project("{FAE04EC0-301F-11D3-BF4B-00C04F79EFBC}") = "mvvm", "mvvm\mvvm.csproj", "{B98434FE-C04A-4B3E-9A37-49EB65E6D227}"
EndProject
Global
	GlobalSection(SolutionConfigurationPlatforms) = preSolution
		Debug|Any CPU = Debug|Any CPU
		Release|Any CPU = Release|Any CPU
	EndGlobalSection
	GlobalSection(ProjectConfigurationPlatforms) = postSolution
		{B98434FE-C04A-4B3E-9A37-49EB65E6D227}.Debug|Any CPU.ActiveCfg = Debug|Any CPU
		{B98434FE-C04A-4B3E-9A37-49EB65E6D227}.Debug|Any CPU.Build.0 = Debug|Any CPU
		{B98434FE-C04A-4B3E-9A37-49EB65E6D227}.Release|Any CPU.ActiveCfg = Release|Any CPU
		{B98434FE-C04A-4B3E-9A37-49EB65E6D227}.Release|Any CPU.Build.0 = Release|Any CPU
	EndGlobalSection
	GlobalSection(SolutionProperties) = preSolution
		HideSolutionNode = FALSE
	EndGlobalSection
	GlobalSection(ExtensibilityGlobals) = postSolution
		SolutionGuid = {8A7FD113-51C7-4AC4-8DF5-5266310928EB}
	EndGlobalSection
EndGlobal
